{
  "version": 4,
  "terraform_version": "1.5.7",
  "serial": 3,
  "lineage": "1eeacaef-14c6-a8a7-1d30-4b1ef6c01f4d",
  "outputs": {
    "combined": {
      "value": {
        "a": "aa",
        "b": "bb",
        "c": "cc"
      },
      "type": [
        "map",
        "string"
      ]
    }
  },
  "resources": [
    {
      "mode": "managed",
      "type": "aws_iam_user",
      "name": "lb",
      "provider": "provider[\"registry.terraform.io/hashicorp/aws\"]",
      "instances": [
        {
          "index_key": 0,
          "schema_version": 0,
          "attributes": {
            "arn": "arn:aws:iam::024705512663:user/system/loadbalancer",
            "force_destroy": false,
            "id": "loadbalancer",
            "name": "loadbalancer",
            "path": "/system/",
            "permissions_boundary": null,
            "tags": {
              "tag-key": "zipmap_test"
            },
            "tags_all": {
              "tag-key": "zipmap_test"
            },
            "unique_id": "AIDAQLQEQGTL5LTVTB6PN"
          },
          "sensitive_attributes": [],
          "private": "bnVsbA=="
        }
      ]
    }
  ],
  "check_results": null
}
