{
  "version": 4,
  "terraform_version": "0.14.0",
  "serial": 5,
  "lineage": "5b029cdc-713d-e290-637e-591beec964a4",
  "outputs": {},
  "resources": [
    {
      "mode": "managed",
      "type": "github_repository",
      "name": "terraform_managed",
      "provider": "provider[\"registry.terraform.io/integrations/github\"]",
      "instances": [
        {
          "schema_version": 1,
          "attributes": {
            "allow_auto_merge": false,
            "allow_merge_commit": false,
            "allow_rebase_merge": false,
            "allow_squash_merge": false,
            "allow_update_branch": false,
            "archive_on_destroy": null,
            "archived": false,
            "auto_init": null,
            "default_branch": "main",
            "delete_branch_on_merge": false,
            "description": "this repo is created using terraform script",
            "etag": "W/\"e104e6325dc0b22f883548100d3e34762a7c5e08a2724ea8828c7e38638a7076\"",
            "full_name": "Shyamjith06/created_using_terraform",
            "git_clone_url": "git://github.com/Shyamjith06/created_using_terraform.git",
            "gitignore_template": null,
            "has_discussions": false,
            "has_downloads": false,
            "has_issues": false,
            "has_projects": false,
            "has_wiki": false,
            "homepage_url": "",
            "html_url": "https://github.com/Shyamjith06/created_using_terraform",
            "http_clone_url": "https://github.com/Shyamjith06/created_using_terraform.git",
            "id": "created_using_terraform",
            "ignore_vulnerability_alerts_during_read": null,
            "is_template": false,
            "license_template": null,
            "merge_commit_message": "",
            "merge_commit_title": "",
            "name": "created_using_terraform",
            "node_id": "R_kgDOKBEYPg",
            "pages": [],
            "private": false,
            "repo_id": 672208958,
            "security_and_analysis": [
              {
                "advanced_security": [],
                "secret_scanning": [
                  {
                    "status": "disabled"
                  }
                ],
                "secret_scanning_push_protection": [
                  {
                    "status": "disabled"
                  }
                ]
              }
            ],
            "squash_merge_commit_message": "",
            "squash_merge_commit_title": "",
            "ssh_clone_url": "git@github.com:Shyamjith06/created_using_terraform.git",
            "svn_url": "https://github.com/Shyamjith06/created_using_terraform",
            "template": [],
            "topics": null,
            "visibility": "public",
            "vulnerability_alerts": false
          },
          "sensitive_attributes": [],
          "private": "eyJzY2hlbWFfdmVyc2lvbiI6IjEifQ=="
        }
      ]
    }
  ]
}
