{
    "version": 4,
    "terraform_version": "0.14.0",
    "serial": 5,
    "lineage": "8cbfbd90-88ab-aa4b-3f0c-5fb8e684552f",
    "outputs": {
      "ec2PublicIP": {
        "value": "3.128.203.105",
        "type": "string"
      }
    },
    "resources": [
      {
        "mode": "managed",
        "type": "aws_instance",
        "name": "test-var",
        "provider": "provider[\"registry.terraform.io/hashicorp/aws\"]",
        "instances": [
          {
            "schema_version": 1,
            "attributes": {
              "ami": "ami-0c55b159cbfafe1f0",
              "arn": "arn:aws:ec2:us-east-2:565393024864:instance/i-00b004ad61ed6b0c5",
              "associate_public_ip_address": true,
              "availability_zone": "us-east-2a",
              "capacity_reservation_specification": [
                {
                  "capacity_reservation_preference": "open",
                  "capacity_reservation_target": []
                }
              ],
              "cpu_core_count": 1,
              "cpu_options": [
                {
                  "amd_sev_snp": "",
                  "core_count": 1,
                  "threads_per_core": 1
                }
              ],
              "cpu_threads_per_core": 1,
              "credit_specification": [
                {
                  "cpu_credits": "standard"
                }
              ],
              "disable_api_stop": false,
              "disable_api_termination": false,
              "ebs_block_device": [],
              "ebs_optimized": false,
              "enable_primary_ipv6": null,
              "enclave_options": [
                {
                  "enabled": false
                }
              ],
              "ephemeral_block_device": [],
              "get_password_data": false,
              "hibernation": false,
              "host_id": "",
              "host_resource_group_arn": null,
              "iam_instance_profile": "",
              "id": "i-00b004ad61ed6b0c5",
              "instance_initiated_shutdown_behavior": "stop",
              "instance_lifecycle": "",
              "instance_market_options": [],
              "instance_state": "running",
              "instance_type": "t2.micro",
              "ipv6_address_count": 0,
              "ipv6_addresses": [],
              "key_name": "",
              "launch_template": [],
              "maintenance_options": [
                {
                  "auto_recovery": "default"
                }
              ],
              "metadata_options": [
                {
                  "http_endpoint": "enabled",
                  "http_protocol_ipv6": "disabled",
                  "http_put_response_hop_limit": 1,
                  "http_tokens": "optional",
                  "instance_metadata_tags": "disabled"
                }
              ],
              "monitoring": false,
              "network_interface": [],
              "outpost_arn": "",
              "password_data": "",
              "placement_group": "",
              "placement_partition_number": 0,
              "primary_network_interface_id": "eni-089eeada10f15077e",
              "private_dns": "ip-172-31-13-156.us-east-2.compute.internal",
              "private_dns_name_options": [
                {
                  "enable_resource_name_dns_a_record": false,
                  "enable_resource_name_dns_aaaa_record": false,
                  "hostname_type": "ip-name"
                }
              ],
              "private_ip": "172.31.13.156",
              "public_dns": "ec2-3-128-203-105.us-east-2.compute.amazonaws.com",
              "public_ip": "3.128.203.105",
              "root_block_device": [
                {
                  "delete_on_termination": true,
                  "device_name": "/dev/sda1",
                  "encrypted": false,
                  "iops": 100,
                  "kms_key_id": "",
                  "tags": {},
                  "tags_all": {},
                  "throughput": 0,
                  "volume_id": "vol-062266529a2d47199",
                  "volume_size": 8,
                  "volume_type": "gp2"
                }
              ],
              "secondary_private_ips": [],
              "security_groups": [
                "default"
              ],
              "source_dest_check": true,
              "spot_instance_request_id": "",
              "subnet_id": "subnet-049d5d53dc41c6242",
              "tags": {
                "Name": "default-terraform"
              },
              "tags_all": {
                "Name": "default-terraform"
              },
              "tenancy": "default",
              "timeouts": null,
              "user_data": null,
              "user_data_base64": null,
              "user_data_replace_on_change": false,
              "volume_tags": null,
              "vpc_security_group_ids": [
                "sg-0c96338aa21fff230"
              ]
            },
            "sensitive_attributes": [],
            "private": "eyJlMmJmYjczMC1lY2FhLTExZTYtOGY4OC0zNDM2M2JjN2M0YzAiOnsiY3JlYXRlIjo2MDAwMDAwMDAwMDAsImRlbGV0ZSI6MTIwMDAwMDAwMDAwMCwicmVhZCI6OTAwMDAwMDAwMDAwLCJ1cGRhdGUiOjYwMDAwMDAwMDAwMH0sInNjaGVtYV92ZXJzaW9uIjoiMSJ9"
          }
        ]
      }
    ]
  }
  